{
  "name": "updater",
  "version": "1.0.0",
  "lockfileVersion": 3,
  "requires": true,
  "packages": {
    "": {
      "name": "updater",
      "version": "1.0.0",
      "license": "ISC",
      "dependencies": {
        "badgetable": "^0.0.5"
      }
    },
    "node_modules/badgetable": {
      "version": "0.0.5",
      "resolved": "https://registry.npmjs.org/badgetable/-/badgetable-0.0.5.tgz",
      "integrity": "sha512-kiu641BbAEwUuX9v1gQdS+c94U+hjSVP8plvbAH3Qqk467pgku5i1oWwqIRpQidmMgmKeGqsqkBlKdN0Cf+5bw=="
    }
  }
}
